{
  "version": 4,
  "terraform_version": "1.2.9",
  "serial": 25,
  "lineage": "16eaa3ac-bde0-6ba3-40e0-c01b03d1855e",
  "outputs": {
    "app_server_ip": {
      "value": "50.19.29.33",
      "type": "string"
    }
  },
  "resources": [
    {
      "mode": "data",
      "type": "aws_ssm_parameter",
      "name": "aws_ami",
      "provider": "provider[\"registry.terraform.io/hashicorp/aws\"]",
      "instances": [
        {
          "schema_version": 0,
          "attributes": {
            "arn": "arn:aws:ssm:us-east-1::parameter/aws/service/ami-amazon-linux-latest/amzn2-ami-hvm-x86_64-gp2",
            "id": "/aws/service/ami-amazon-linux-latest/amzn2-ami-hvm-x86_64-gp2",
            "name": "/aws/service/ami-amazon-linux-latest/amzn2-ami-hvm-x86_64-gp2",
            "type": "String",
            "value": "ami-0464d49b8794eba32",
            "version": 73,
            "with_decryption": true
          },
          "sensitive_attributes": []
        }
      ]
    },
    {
      "mode": "managed",
      "type": "aws_eip",
      "name": "app_server_ip",
      "provider": "provider[\"registry.terraform.io/hashicorp/aws\"]",
      "instances": [
        {
          "schema_version": 0,
          "attributes": {
            "address": null,
            "allocation_id": "eipalloc-06d040bc0f18e7d10",
            "associate_with_private_ip": null,
            "association_id": "eipassoc-0d16afd15b783bfcf",
            "carrier_ip": "",
            "customer_owned_ip": "",
            "customer_owned_ipv4_pool": "",
            "domain": "vpc",
            "id": "eipalloc-06d040bc0f18e7d10",
            "instance": "i-04a58a08b309ff904",
            "network_border_group": "us-east-1",
            "network_interface": "eni-0160a50160ef029e3",
            "private_dns": "ip-172-31-110-210.ec2.internal",
            "private_ip": "172.31.110.210",
            "public_dns": "ec2-50-19-29-33.compute-1.amazonaws.com",
            "public_ip": "50.19.29.33",
            "public_ipv4_pool": "amazon",
            "tags": {
              "Application": "SEV",
              "Name": "sev_alb_eip",
              "Program": "Cities",
              "Project": "Socioeconomic Vulnerabilities",
              "ProjectCode": "02566.00000.000.00"
            },
            "tags_all": {
              "Application": "SEV",
              "Name": "sev_alb_eip",
              "Program": "Cities",
              "Project": "Socioeconomic Vulnerabilities",
              "ProjectCode": "02566.00000.000.00"
            },
            "timeouts": null,
            "vpc": true
          },
          "sensitive_attributes": [],
          "private": "eyJlMmJmYjczMC1lY2FhLTExZTYtOGY4OC0zNDM2M2JjN2M0YzAiOnsiZGVsZXRlIjoxODAwMDAwMDAwMDAsInJlYWQiOjkwMDAwMDAwMDAwMCwidXBkYXRlIjozMDAwMDAwMDAwMDB9fQ==",
          "dependencies": [
            "aws_iam_instance_profile.app_server_instance_profile",
            "aws_iam_role.app_server_iam_role",
            "aws_instance.app_server",
            "aws_security_group.app_server_sg",
            "data.aws_ssm_parameter.aws_ami"
          ]
        }
      ]
    },
    {
      "mode": "managed",
      "type": "aws_iam_instance_profile",
      "name": "app_server_instance_profile",
      "provider": "provider[\"registry.terraform.io/hashicorp/aws\"]",
      "instances": [
        {
          "schema_version": 0,
          "attributes": {
            "arn": "arn:aws:iam::540362055257:instance-profile/SEVAppServerInstanceProfile",
            "create_date": "2022-09-23T21:36:00Z",
            "id": "SEVAppServerInstanceProfile",
            "name": "SEVAppServerInstanceProfile",
            "name_prefix": null,
            "path": "/",
            "role": "SEVAppServerIAMRole",
            "tags": {
              "Program": "Cities",
              "Project": "Socioeconomic Vulnerabilities",
              "ProjectCode": "02566.00000.000.00"
            },
            "tags_all": {
              "Program": "Cities",
              "Project": "Socioeconomic Vulnerabilities",
              "ProjectCode": "02566.00000.000.00"
            },
            "unique_id": "AIPAX3UAWTZM2PYUVUVRH"
          },
          "sensitive_attributes": [],
          "private": "bnVsbA==",
          "dependencies": [
            "aws_iam_role.app_server_iam_role"
          ]
        }
      ]
    },
    {
      "mode": "managed",
      "type": "aws_iam_role",
      "name": "app_server_iam_role",
      "provider": "provider[\"registry.terraform.io/hashicorp/aws\"]",
      "instances": [
        {
          "schema_version": 0,
          "attributes": {
            "arn": "arn:aws:iam::540362055257:role/SEVAppServerIAMRole",
            "assume_role_policy": "{\"Statement\":{\"Action\":\"sts:AssumeRole\",\"Effect\":\"Allow\",\"Principal\":{\"Service\":\"ec2.amazonaws.com\"}},\"Version\":\"2012-10-17\"}",
            "create_date": "2022-09-23T21:36:00Z",
            "description": "The role for the SEV App Server",
            "force_detach_policies": false,
            "id": "SEVAppServerIAMRole",
            "inline_policy": [],
            "managed_policy_arns": [
              "arn:aws:iam::aws:policy/AmazonSSMManagedInstanceCore"
            ],
            "max_session_duration": 3600,
            "name": "SEVAppServerIAMRole",
            "name_prefix": "",
            "path": "/",
            "permissions_boundary": null,
            "tags": {
              "Application": "SEV",
              "Program": "Cities",
              "Project": "Socioeconomic Vulnerabilities",
              "ProjectCode": "02566.00000.000.00"
            },
            "tags_all": {
              "Application": "SEV",
              "Program": "Cities",
              "Project": "Socioeconomic Vulnerabilities",
              "ProjectCode": "02566.00000.000.00"
            },
            "unique_id": "AROAX3UAWTZM3BPWD2REL"
          },
          "sensitive_attributes": [],
          "private": "bnVsbA=="
        }
      ]
    },
    {
      "mode": "managed",
      "type": "aws_iam_role_policy_attachment",
      "name": "app_server_ssm_policy",
      "provider": "provider[\"registry.terraform.io/hashicorp/aws\"]",
      "instances": [
        {
          "schema_version": 0,
          "attributes": {
            "id": "SEVAppServerIAMRole-20220923213600811000000001",
            "policy_arn": "arn:aws:iam::aws:policy/AmazonSSMManagedInstanceCore",
            "role": "SEVAppServerIAMRole"
          },
          "sensitive_attributes": [],
          "private": "bnVsbA==",
          "dependencies": [
            "aws_iam_role.app_server_iam_role"
          ]
        }
      ]
    },
    {
      "mode": "managed",
      "type": "aws_instance",
      "name": "app_server",
      "provider": "provider[\"registry.terraform.io/hashicorp/aws\"]",
      "instances": [
        {
          "schema_version": 1,
          "attributes": {
            "ami": "ami-0464d49b8794eba32",
            "arn": "arn:aws:ec2:us-east-1:540362055257:instance/i-04a58a08b309ff904",
            "associate_public_ip_address": true,
            "availability_zone": "us-east-1a",
            "capacity_reservation_specification": [
              {
                "capacity_reservation_preference": "open",
                "capacity_reservation_target": []
              }
            ],
            "cpu_core_count": 2,
            "cpu_threads_per_core": 2,
            "credit_specification": [],
            "disable_api_stop": false,
            "disable_api_termination": false,
            "ebs_block_device": [],
            "ebs_optimized": false,
            "enclave_options": [
              {
                "enabled": false
              }
            ],
            "ephemeral_block_device": [],
            "get_password_data": false,
            "hibernation": false,
            "host_id": null,
            "host_resource_group_arn": null,
            "iam_instance_profile": "SEVAppServerInstanceProfile",
            "id": "i-04a58a08b309ff904",
            "instance_initiated_shutdown_behavior": "stop",
            "instance_state": "running",
            "instance_type": "m4.xlarge",
            "ipv6_address_count": 0,
            "ipv6_addresses": [],
            "key_name": "",
            "launch_template": [],
            "maintenance_options": [
              {
                "auto_recovery": "default"
              }
            ],
            "metadata_options": [
              {
                "http_endpoint": "enabled",
                "http_put_response_hop_limit": 1,
                "http_tokens": "optional",
                "instance_metadata_tags": "disabled"
              }
            ],
            "monitoring": false,
            "network_interface": [],
            "outpost_arn": "",
            "password_data": "",
            "placement_group": "",
            "placement_partition_number": null,
            "primary_network_interface_id": "eni-0160a50160ef029e3",
            "private_dns": "ip-172-31-110-210.ec2.internal",
            "private_dns_name_options": [
              {
                "enable_resource_name_dns_a_record": false,
                "enable_resource_name_dns_aaaa_record": false,
                "hostname_type": "ip-name"
              }
            ],
            "private_ip": "172.31.110.210",
            "public_dns": "ec2-50-19-29-33.compute-1.amazonaws.com",
            "public_ip": "50.19.29.33",
            "root_block_device": [
              {
                "delete_on_termination": true,
                "device_name": "/dev/xvda",
                "encrypted": false,
                "iops": 100,
                "kms_key_id": "",
                "tags": {},
                "throughput": 0,
                "volume_id": "vol-02ae40a0725e1825c",
                "volume_size": 8,
                "volume_type": "gp2"
              }
            ],
            "secondary_private_ips": [],
            "security_groups": [],
            "source_dest_check": true,
            "subnet_id": "subnet-04284d52a74e95147",
            "tags": {
              "Application": "SEV",
              "Name": "SEVAppServerInstance",
              "Program": "Cities",
              "Project": "Socioeconomic Vulnerabilities",
              "ProjectCode": "02566.00000.000.00"
            },
            "tags_all": {
              "Application": "SEV",
              "Name": "SEVAppServerInstance",
              "Program": "Cities",
              "Project": "Socioeconomic Vulnerabilities",
              "ProjectCode": "02566.00000.000.00"
            },
            "tenancy": "default",
            "timeouts": null,
            "user_data": "2856baf5bd2596ef115a42503e5842005c0c021c",
            "user_data_base64": null,
            "user_data_replace_on_change": false,
            "volume_tags": null,
            "vpc_security_group_ids": [
              "sg-004ede19c3e3470a6"
            ]
          },
          "sensitive_attributes": [
            [
              {
                "type": "get_attr",
                "value": "ami"
              }
            ]
          ],
          "private": "eyJlMmJmYjczMC1lY2FhLTExZTYtOGY4OC0zNDM2M2JjN2M0YzAiOnsiY3JlYXRlIjo2MDAwMDAwMDAwMDAsImRlbGV0ZSI6MTIwMDAwMDAwMDAwMCwidXBkYXRlIjo2MDAwMDAwMDAwMDB9LCJzY2hlbWFfdmVyc2lvbiI6IjEifQ==",
          "dependencies": [
            "aws_iam_instance_profile.app_server_instance_profile",
            "aws_iam_role.app_server_iam_role",
            "aws_security_group.app_server_sg",
            "data.aws_ssm_parameter.aws_ami"
          ]
        }
      ]
    },
    {
      "mode": "managed",
      "type": "aws_security_group",
      "name": "app_server_sg",
      "provider": "provider[\"registry.terraform.io/hashicorp/aws\"]",
      "instances": [
        {
          "schema_version": 1,
          "attributes": {
            "arn": "arn:aws:ec2:us-east-1:540362055257:security-group/sg-004ede19c3e3470a6",
            "description": "Allows access to Shiny Server port.",
            "egress": [
              {
                "cidr_blocks": [
                  "0.0.0.0/0"
                ],
                "description": "",
                "from_port": 0,
                "ipv6_cidr_blocks": [],
                "prefix_list_ids": [],
                "protocol": "-1",
                "security_groups": [],
                "self": false,
                "to_port": 0
              }
            ],
            "id": "sg-004ede19c3e3470a6",
            "ingress": [
              {
                "cidr_blocks": [
                  "0.0.0.0/0"
                ],
                "description": "",
                "from_port": 80,
                "ipv6_cidr_blocks": [],
                "prefix_list_ids": [],
                "protocol": "tcp",
                "security_groups": [],
                "self": false,
                "to_port": 80
              },
              {
                "cidr_blocks": [
                  "0.0.0.0/0"
                ],
                "description": null,
                "from_port": 3838,
                "ipv6_cidr_blocks": [],
                "prefix_list_ids": [],
                "protocol": "tcp",
                "security_groups": [],
                "self": false,
                "to_port": 3838
              }
            ],
            "name": "SEVAppServerSecurityGroup",
            "name_prefix": "",
            "owner_id": "540362055257",
            "revoke_rules_on_delete": false,
            "tags": {
              "Application": "SEV",
              "Program": "Cities",
              "Project": "Socioeconomic Vulnerabilities",
              "ProjectCode": "02566.00000.000.00"
            },
            "tags_all": {
              "Application": "SEV",
              "Program": "Cities",
              "Project": "Socioeconomic Vulnerabilities",
              "ProjectCode": "02566.00000.000.00"
            },
            "timeouts": null,
            "vpc_id": "vpc-0c97c96a7d7efc7e0"
          },
          "sensitive_attributes": [],
          "private": "eyJlMmJmYjczMC1lY2FhLTExZTYtOGY4OC0zNDM2M2JjN2M0YzAiOnsiY3JlYXRlIjo2MDAwMDAwMDAwMDAsImRlbGV0ZSI6OTAwMDAwMDAwMDAwfSwic2NoZW1hX3ZlcnNpb24iOiIxIn0="
        }
      ]
    }
  ]
}
